
Microsoft Visual Studio Solution File, Format Version 12.00
# Visual Studio Version 17
VisualStudioVersion = 17.11.35219.272
MinimumVisualStudioVersion = 10.0.40219.1
Project("{9A19103F-16F7-4668-BE54-9A1E7A4F7556}") = "DesafioPOO", "DesafioPOO.csproj", "{B2072D94-BFBB-4BCF-B8DF-50110225E139}"
EndProject
Global
	GlobalSection(SolutionConfigurationPlatforms) = preSolution
		Debug|Any CPU = Debug|Any CPU
		Release|Any CPU = Release|Any CPU
	EndGlobalSection
	GlobalSection(ProjectConfigurationPlatforms) = postSolution
		{B2072D94-BFBB-4BCF-B8DF-50110225E139}.Debug|Any CPU.ActiveCfg = Debug|Any CPU
		{B2072D94-BFBB-4BCF-B8DF-50110225E139}.Debug|Any CPU.Build.0 = Debug|Any CPU
		{B2072D94-BFBB-4BCF-B8DF-50110225E139}.Release|Any CPU.ActiveCfg = Release|Any CPU
		{B2072D94-BFBB-4BCF-B8DF-50110225E139}.Release|Any CPU.Build.0 = Release|Any CPU
	EndGlobalSection
	GlobalSection(SolutionProperties) = preSolution
		HideSolutionNode = FALSE
	EndGlobalSection
	GlobalSection(ExtensibilityGlobals) = postSolution
		SolutionGuid = {3D5340A3-1D43-41B1-9C67-34D01A982FFF}
	EndGlobalSection
EndGlobal
